PODS:
  - Realm (10.50.1):
    - Realm/Headers (= 10.50.1)
  - Realm/Headers (10.50.1)
  - RealmSwift (10.50.1):
    - Realm (= 10.50.1)
  - SwipeCellKit (2.7.1)

DEPENDENCIES:
  - RealmSwift (~> 10)
  - SwipeCellKit

SPEC REPOS:
  trunk:
    - Realm
    - RealmSwift
    - SwipeCellKit

SPEC CHECKSUMS:
  Realm: 36bc9fe2681d7cf234aa487e7990821c772206a2
  RealmSwift: 84a370d3d4f191d327a9f8ade1f064a274f79847
  SwipeCellKit: 3972254a826da74609926daf59b08d6c72e619ea

PODFILE CHECKSUM: 70af3a46996472a96c7f74c0ec5c813ab9617fbd

COCOAPODS: 1.15.2
